
Microsoft Visual Studio Solution File, Format Version 12.00
# Visual Studio Version 17
VisualStudioVersion = 17.14.36109.1 d17.14
MinimumVisualStudioVersion = 10.0.40219.1
Project("{FAE04EC0-301F-11D3-BF4B-00C04F79EFBC}") = "MinimalApi", "MinimalApi\MinimalApi.csproj", "{3FA65431-7BCD-45F0-96CD-81CBFDBFD4D8}"
EndProject
Global
	GlobalSection(SolutionConfigurationPlatforms) = preSolution
		Debug|Any CPU = Debug|Any CPU
		Release|Any CPU = Release|Any CPU
	EndGlobalSection
	GlobalSection(ProjectConfigurationPlatforms) = postSolution
		{3FA65431-7BCD-45F0-96CD-81CBFDBFD4D8}.Debug|Any CPU.ActiveCfg = Debug|Any CPU
		{3FA65431-7BCD-45F0-96CD-81CBFDBFD4D8}.Debug|Any CPU.Build.0 = Debug|Any CPU
		{3FA65431-7BCD-45F0-96CD-81CBFDBFD4D8}.Release|Any CPU.ActiveCfg = Release|Any CPU
		{3FA65431-7BCD-45F0-96CD-81CBFDBFD4D8}.Release|Any CPU.Build.0 = Release|Any CPU
	EndGlobalSection
	GlobalSection(SolutionProperties) = preSolution
		HideSolutionNode = FALSE
	EndGlobalSection
	GlobalSection(ExtensibilityGlobals) = postSolution
		SolutionGuid = {01109602-6F9B-4507-A37C-C901F0DD63F1}
	EndGlobalSection
EndGlobal
